
Microsoft Visual Studio Solution File, Format Version 12.00
# Visual Studio Version 17
VisualStudioVersion = 17.3.32929.385
MinimumVisualStudioVersion = 10.0.40219.1
Project("{FAE04EC0-301F-11D3-BF4B-00C04F79EFBC}") = "NEA December 2022", "NEA December 2022\NEA December 2022.csproj", "{D9D751DD-400B-48C3-9F9F-9BF1F43FB184}"
EndProject
Global
	GlobalSection(SolutionConfigurationPlatforms) = preSolution
		Debug|Any CPU = Debug|Any CPU
		Release|Any CPU = Release|Any CPU
	EndGlobalSection
	GlobalSection(ProjectConfigurationPlatforms) = postSolution
		{D9D751DD-400B-48C3-9F9F-9BF1F43FB184}.Debug|Any CPU.ActiveCfg = Debug|Any CPU
		{D9D751DD-400B-48C3-9F9F-9BF1F43FB184}.Debug|Any CPU.Build.0 = Debug|Any CPU
		{D9D751DD-400B-48C3-9F9F-9BF1F43FB184}.Release|Any CPU.ActiveCfg = Release|Any CPU
		{D9D751DD-400B-48C3-9F9F-9BF1F43FB184}.Release|Any CPU.Build.0 = Release|Any CPU
	EndGlobalSection
	GlobalSection(SolutionProperties) = preSolution
		HideSolutionNode = FALSE
	EndGlobalSection
	GlobalSection(ExtensibilityGlobals) = postSolution
		SolutionGuid = {68E648B2-B9ED-4A1E-A6B1-6E39A16D8008}
	EndGlobalSection
EndGlobal
